
Microsoft Visual Studio Solution File, Format Version 12.00
# Visual Studio Version 16
VisualStudioVersion = 16.0.30907.101
MinimumVisualStudioVersion = 10.0.40219.1
Project("{FAE04EC0-301F-11D3-BF4B-00C04F79EFBC}") = "GestaoBiblioteca", "GestaoBiblioteca\GestaoBiblioteca.csproj", "{764B87E7-4813-45FD-BCEA-7746C71164AB}"
EndProject
Project("{FAE04EC0-301F-11D3-BF4B-00C04F79EFBC}") = "GestaoBiblioteca.Tests", "GestaoBiblioteca.Tests\GestaoBiblioteca.Tests.csproj", "{5A0CE3E0-FB81-4CED-829F-DC5DF5BF3731}"
EndProject
Project("{FAE04EC0-301F-11D3-BF4B-00C04F79EFBC}") = "GestaoBiblioteca.Common", "GestaoBiblioteca.Common\GestaoBiblioteca.Common.csproj", "{D86C4D83-1D0B-444C-AE25-6E350C2CC9DD}"
EndProject
Project("{FAE04EC0-301F-11D3-BF4B-00C04F79EFBC}") = "GestaoBiblioteca.Data", "GestaoBiblioteca.Data\GestaoBiblioteca.Data.csproj", "{843C154B-9DE8-4173-86D9-BAFA3407CE76}"
EndProject
Project("{FAE04EC0-301F-11D3-BF4B-00C04F79EFBC}") = "GestaoBiblioteca.Entities", "GestaoBiblioteca.Entities\GestaoBiblioteca.Entities.csproj", "{6EDF0465-3955-4062-A124-260D014CA85D}"
EndProject
Global
	GlobalSection(SolutionConfigurationPlatforms) = preSolution
		Debug|Any CPU = Debug|Any CPU
		Release|Any CPU = Release|Any CPU
	EndGlobalSection
	GlobalSection(ProjectConfigurationPlatforms) = postSolution
		{764B87E7-4813-45FD-BCEA-7746C71164AB}.Debug|Any CPU.ActiveCfg = Debug|Any CPU
		{764B87E7-4813-45FD-BCEA-7746C71164AB}.Debug|Any CPU.Build.0 = Debug|Any CPU
		{764B87E7-4813-45FD-BCEA-7746C71164AB}.Release|Any CPU.ActiveCfg = Release|Any CPU
		{764B87E7-4813-45FD-BCEA-7746C71164AB}.Release|Any CPU.Build.0 = Release|Any CPU
		{5A0CE3E0-FB81-4CED-829F-DC5DF5BF3731}.Debug|Any CPU.ActiveCfg = Debug|Any CPU
		{5A0CE3E0-FB81-4CED-829F-DC5DF5BF3731}.Debug|Any CPU.Build.0 = Debug|Any CPU
		{5A0CE3E0-FB81-4CED-829F-DC5DF5BF3731}.Release|Any CPU.ActiveCfg = Release|Any CPU
		{5A0CE3E0-FB81-4CED-829F-DC5DF5BF3731}.Release|Any CPU.Build.0 = Release|Any CPU
		{D86C4D83-1D0B-444C-AE25-6E350C2CC9DD}.Debug|Any CPU.ActiveCfg = Debug|Any CPU
		{D86C4D83-1D0B-444C-AE25-6E350C2CC9DD}.Debug|Any CPU.Build.0 = Debug|Any CPU
		{D86C4D83-1D0B-444C-AE25-6E350C2CC9DD}.Release|Any CPU.ActiveCfg = Release|Any CPU
		{D86C4D83-1D0B-444C-AE25-6E350C2CC9DD}.Release|Any CPU.Build.0 = Release|Any CPU
		{843C154B-9DE8-4173-86D9-BAFA3407CE76}.Debug|Any CPU.ActiveCfg = Debug|Any CPU
		{843C154B-9DE8-4173-86D9-BAFA3407CE76}.Debug|Any CPU.Build.0 = Debug|Any CPU
		{843C154B-9DE8-4173-86D9-BAFA3407CE76}.Release|Any CPU.ActiveCfg = Release|Any CPU
		{843C154B-9DE8-4173-86D9-BAFA3407CE76}.Release|Any CPU.Build.0 = Release|Any CPU
		{6EDF0465-3955-4062-A124-260D014CA85D}.Debug|Any CPU.ActiveCfg = Debug|Any CPU
		{6EDF0465-3955-4062-A124-260D014CA85D}.Debug|Any CPU.Build.0 = Debug|Any CPU
		{6EDF0465-3955-4062-A124-260D014CA85D}.Release|Any CPU.ActiveCfg = Release|Any CPU
		{6EDF0465-3955-4062-A124-260D014CA85D}.Release|Any CPU.Build.0 = Release|Any CPU
	EndGlobalSection
	GlobalSection(SolutionProperties) = preSolution
		HideSolutionNode = FALSE
	EndGlobalSection
	GlobalSection(ExtensibilityGlobals) = postSolution
		SolutionGuid = {47F2FACF-3D73-4E29-A59F-06A93021DAC6}
	EndGlobalSection
EndGlobal
